
Microsoft Visual Studio Solution File, Format Version 12.00
# Visual Studio Version 17
VisualStudioVersion = 17.9.34723.18
MinimumVisualStudioVersion = 10.0.40219.1
Project("{FAE04EC0-301F-11D3-BF4B-00C04F79EFBC}") = "9. Clock", "9. Clock\9. Clock.csproj", "{A4FC1DA4-1FFF-4CA4-81A5-33C824477BFF}"
EndProject
Global
	GlobalSection(SolutionConfigurationPlatforms) = preSolution
		Debug|Any CPU = Debug|Any CPU
		Release|Any CPU = Release|Any CPU
	EndGlobalSection
	GlobalSection(ProjectConfigurationPlatforms) = postSolution
		{A4FC1DA4-1FFF-4CA4-81A5-33C824477BFF}.Debug|Any CPU.ActiveCfg = Debug|Any CPU
		{A4FC1DA4-1FFF-4CA4-81A5-33C824477BFF}.Debug|Any CPU.Build.0 = Debug|Any CPU
		{A4FC1DA4-1FFF-4CA4-81A5-33C824477BFF}.Release|Any CPU.ActiveCfg = Release|Any CPU
		{A4FC1DA4-1FFF-4CA4-81A5-33C824477BFF}.Release|Any CPU.Build.0 = Release|Any CPU
	EndGlobalSection
	GlobalSection(SolutionProperties) = preSolution
		HideSolutionNode = FALSE
	EndGlobalSection
	GlobalSection(ExtensibilityGlobals) = postSolution
		SolutionGuid = {697DEC8F-8E76-4ADA-A7DD-491B9CC15540}
	EndGlobalSection
EndGlobal
