
Microsoft Visual Studio Solution File, Format Version 12.00
# Visual Studio Version 17
VisualStudioVersion = 17.10.35027.167
MinimumVisualStudioVersion = 10.0.40219.1
Project("{FAE04EC0-301F-11D3-BF4B-00C04F79EFBC}") = "12. Snake", "12. Snake\12. Snake.csproj", "{AC3D3C20-03BB-46CA-891D-7054B1C856BC}"
EndProject
Global
	GlobalSection(SolutionConfigurationPlatforms) = preSolution
		Debug|Any CPU = Debug|Any CPU
		Release|Any CPU = Release|Any CPU
	EndGlobalSection
	GlobalSection(ProjectConfigurationPlatforms) = postSolution
		{AC3D3C20-03BB-46CA-891D-7054B1C856BC}.Debug|Any CPU.ActiveCfg = Debug|Any CPU
		{AC3D3C20-03BB-46CA-891D-7054B1C856BC}.Debug|Any CPU.Build.0 = Debug|Any CPU
		{AC3D3C20-03BB-46CA-891D-7054B1C856BC}.Release|Any CPU.ActiveCfg = Release|Any CPU
		{AC3D3C20-03BB-46CA-891D-7054B1C856BC}.Release|Any CPU.Build.0 = Release|Any CPU
	EndGlobalSection
	GlobalSection(SolutionProperties) = preSolution
		HideSolutionNode = FALSE
	EndGlobalSection
	GlobalSection(ExtensibilityGlobals) = postSolution
		SolutionGuid = {11EF8221-90D6-46F5-A956-731AB90E616E}
	EndGlobalSection
EndGlobal
